// !$*UTF8*$!
{
	archiveVersion = 1;
	classes = {
	};
	objectVersion = 56;
	objects = {

/* Begin PBXBuildFile section */
		A89DCE41299964FB000A50E9 /* MapSwiftUIApp.swift in Sources */ = {isa = PBXBuildFile; fileRef = A89DCE40299964FB000A50E9 /* MapSwiftUIApp.swift */; };
		A89DCE48299964FD000A50E9 /* Preview Assets.xcassets in Resources */ = {isa = PBXBuildFile; fileRef = A89DCE47299964FD000A50E9 /* Preview Assets.xcassets */; };
		A89DCE4F299968BB000A50E9 /* LocationsDataService.swift in Sources */ = {isa = PBXBuildFile; fileRef = A89DCE4E299968BB000A50E9 /* LocationsDataService.swift */; };
		A89DCE51299968E8000A50E9 /* Assets.xcassets in Resources */ = {isa = PBXBuildFile; fileRef = A89DCE50299968E8000A50E9 /* Assets.xcassets */; };
		A89DCE5629996D9D000A50E9 /* Location.swift in Sources */ = {isa = PBXBuildFile; fileRef = A89DCE5529996D9D000A50E9 /* Location.swift */; };
		A89DCE59299974EC000A50E9 /* LocationView.swift in Sources */ = {isa = PBXBuildFile; fileRef = A89DCE58299974EC000A50E9 /* LocationView.swift */; };
		A89DCE5B29997524000A50E9 /* LocationViewModel.swift in Sources */ = {isa = PBXBuildFile; fileRef = A89DCE5A29997524000A50E9 /* LocationViewModel.swift */; };
		A89DCE5D299988A3000A50E9 /* LocationListView.swift in Sources */ = {isa = PBXBuildFile; fileRef = A89DCE5C299988A3000A50E9 /* LocationListView.swift */; };
		A89DCE5F299A3ACF000A50E9 /* LocationPreviewView.swift in Sources */ = {isa = PBXBuildFile; fileRef = A89DCE5E299A3ACF000A50E9 /* LocationPreviewView.swift */; };
		A89DCE61299A86C8000A50E9 /* MapAnnotationView.swift in Sources */ = {isa = PBXBuildFile; fileRef = A89DCE60299A86C8000A50E9 /* MapAnnotationView.swift */; };
		A89DCE63299AC614000A50E9 /* LocationDetailsView.swift in Sources */ = {isa = PBXBuildFile; fileRef = A89DCE62299AC614000A50E9 /* LocationDetailsView.swift */; };
		A8C95748299B881600011188 /* LearnMoreWebView.swift in Sources */ = {isa = PBXBuildFile; fileRef = A8C95747299B881600011188 /* LearnMoreWebView.swift */; };
/* End PBXBuildFile section */

/* Begin PBXFileReference section */
		A89DCE3D299964FB000A50E9 /* MapSwiftUI.app */ = {isa = PBXFileReference; explicitFileType = wrapper.application; includeInIndex = 0; path = MapSwiftUI.app; sourceTree = BUILT_PRODUCTS_DIR; };
		A89DCE40299964FB000A50E9 /* MapSwiftUIApp.swift */ = {isa = PBXFileReference; lastKnownFileType = sourcecode.swift; path = MapSwiftUIApp.swift; sourceTree = "<group>"; };
		A89DCE47299964FD000A50E9 /* Preview Assets.xcassets */ = {isa = PBXFileReference; lastKnownFileType = folder.assetcatalog; path = "Preview Assets.xcassets"; sourceTree = "<group>"; };
		A89DCE4E299968BB000A50E9 /* LocationsDataService.swift */ = {isa = PBXFileReference; fileEncoding = 4; lastKnownFileType = sourcecode.swift; path = LocationsDataService.swift; sourceTree = "<group>"; };
		A89DCE50299968E8000A50E9 /* Assets.xcassets */ = {isa = PBXFileReference; lastKnownFileType = folder.assetcatalog; name = Assets.xcassets; path = "../../../Downloads/SwiftfulMapApp-Downloads/Assets.xcassets"; sourceTree = "<group>"; };
		A89DCE5529996D9D000A50E9 /* Location.swift */ = {isa = PBXFileReference; lastKnownFileType = sourcecode.swift; path = Location.swift; sourceTree = "<group>"; };
		A89DCE58299974EC000A50E9 /* LocationView.swift */ = {isa = PBXFileReference; lastKnownFileType = sourcecode.swift; path = LocationView.swift; sourceTree = "<group>"; };
		A89DCE5A29997524000A50E9 /* LocationViewModel.swift */ = {isa = PBXFileReference; lastKnownFileType = sourcecode.swift; path = LocationViewModel.swift; sourceTree = "<group>"; };
		A89DCE5C299988A3000A50E9 /* LocationListView.swift */ = {isa = PBXFileReference; lastKnownFileType = sourcecode.swift; path = LocationListView.swift; sourceTree = "<group>"; };
		A89DCE5E299A3ACF000A50E9 /* LocationPreviewView.swift */ = {isa = PBXFileReference; lastKnownFileType = sourcecode.swift; path = LocationPreviewView.swift; sourceTree = "<group>"; };
		A89DCE60299A86C8000A50E9 /* MapAnnotationView.swift */ = {isa = PBXFileReference; lastKnownFileType = sourcecode.swift; path = MapAnnotationView.swift; sourceTree = "<group>"; };
		A89DCE62299AC614000A50E9 /* LocationDetailsView.swift */ = {isa = PBXFileReference; lastKnownFileType = sourcecode.swift; path = LocationDetailsView.swift; sourceTree = "<group>"; };
		A8C95747299B881600011188 /* LearnMoreWebView.swift */ = {isa = PBXFileReference; lastKnownFileType = sourcecode.swift; path = LearnMoreWebView.swift; sourceTree = "<group>"; };
/* End PBXFileReference section */

/* Begin PBXFrameworksBuildPhase section */
		A89DCE3A299964FB000A50E9 /* Frameworks */ = {
			isa = PBXFrameworksBuildPhase;
			buildActionMask = 2147483647;
			files = (
			);
			runOnlyForDeploymentPostprocessing = 0;
		};
/* End PBXFrameworksBuildPhase section */

/* Begin PBXGroup section */
		A89DCE34299964FB000A50E9 = {
			isa = PBXGroup;
			children = (
				A89DCE3F299964FB000A50E9 /* MapSwiftUI */,
				A89DCE3E299964FB000A50E9 /* Products */,
			);
			sourceTree = "<group>";
		};
		A89DCE3E299964FB000A50E9 /* Products */ = {
			isa = PBXGroup;
			children = (
				A89DCE3D299964FB000A50E9 /* MapSwiftUI.app */,
			);
			name = Products;
			sourceTree = "<group>";
		};
		A89DCE3F299964FB000A50E9 /* MapSwiftUI */ = {
			isa = PBXGroup;
			children = (
				A89DCE40299964FB000A50E9 /* MapSwiftUIApp.swift */,
				A89DCE5729996E69000A50E9 /* DataServices */,
				A89DCE5229996D48000A50E9 /* Model */,
				A89DCE5329996D59000A50E9 /* View */,
				A89DCE5429996D64000A50E9 /* ViewModel */,
				A89DCE50299968E8000A50E9 /* Assets.xcassets */,
				A89DCE46299964FD000A50E9 /* Preview Content */,
			);
			path = MapSwiftUI;
			sourceTree = "<group>";
		};
		A89DCE46299964FD000A50E9 /* Preview Content */ = {
			isa = PBXGroup;
			children = (
				A89DCE47299964FD000A50E9 /* Preview Assets.xcassets */,
			);
			path = "Preview Content";
			sourceTree = "<group>";
		};
		A89DCE5229996D48000A50E9 /* Model */ = {
			isa = PBXGroup;
			children = (
				A89DCE5529996D9D000A50E9 /* Location.swift */,
			);
			path = Model;
			sourceTree = "<group>";
		};
		A89DCE5329996D59000A50E9 /* View */ = {
			isa = PBXGroup;
			children = (
				A89DCE58299974EC000A50E9 /* LocationView.swift */,
				A89DCE62299AC614000A50E9 /* LocationDetailsView.swift */,
				A89DCE60299A86C8000A50E9 /* MapAnnotationView.swift */,
				A89DCE5E299A3ACF000A50E9 /* LocationPreviewView.swift */,
				A89DCE5C299988A3000A50E9 /* LocationListView.swift */,
				A8C95747299B881600011188 /* LearnMoreWebView.swift */,
			);
			path = View;
			sourceTree = "<group>";
		};
		A89DCE5429996D64000A50E9 /* ViewModel */ = {
			isa = PBXGroup;
			children = (
				A89DCE5A29997524000A50E9 /* LocationViewModel.swift */,
			);
			path = ViewModel;
			sourceTree = "<group>";
		};
		A89DCE5729996E69000A50E9 /* DataServices */ = {
			isa = PBXGroup;
			children = (
				A89DCE4E299968BB000A50E9 /* LocationsDataService.swift */,
			);
			path = DataServices;
			sourceTree = "<group>";
		};
/* End PBXGroup section */

/* Begin PBXNativeTarget section */
		A89DCE3C299964FB000A50E9 /* MapSwiftUI */ = {
			isa = PBXNativeTarget;
			buildConfigurationList = A89DCE4B299964FD000A50E9 /* Build configuration list for PBXNativeTarget "MapSwiftUI" */;
			buildPhases = (
				A89DCE39299964FB000A50E9 /* Sources */,
				A89DCE3A299964FB000A50E9 /* Frameworks */,
				A89DCE3B299964FB000A50E9 /* Resources */,
			);
			buildRules = (
			);
			dependencies = (
			);
			name = MapSwiftUI;
			productName = MapSwiftUI;
			productReference = A89DCE3D299964FB000A50E9 /* MapSwiftUI.app */;
			productType = "com.apple.product-type.application";
		};
/* End PBXNativeTarget section */

/* Begin PBXProject section */
		A89DCE35299964FB000A50E9 /* Project object */ = {
			isa = PBXProject;
			attributes = {
				BuildIndependentTargetsInParallel = 1;
				LastSwiftUpdateCheck = 1410;
				LastUpgradeCheck = 1410;
				TargetAttributes = {
					A89DCE3C299964FB000A50E9 = {
						CreatedOnToolsVersion = 14.1;
					};
				};
			};
			buildConfigurationList = A89DCE38299964FB000A50E9 /* Build configuration list for PBXProject "MapSwiftUI" */;
			compatibilityVersion = "Xcode 14.0";
			developmentRegion = en;
			hasScannedForEncodings = 0;
			knownRegions = (
				en,
				Base,
			);
			mainGroup = A89DCE34299964FB000A50E9;
			productRefGroup = A89DCE3E299964FB000A50E9 /* Products */;
			projectDirPath = "";
			projectRoot = "";
			targets = (
				A89DCE3C299964FB000A50E9 /* MapSwiftUI */,
			);
		};
/* End PBXProject section */

/* Begin PBXResourcesBuildPhase section */
		A89DCE3B299964FB000A50E9 /* Resources */ = {
			isa = PBXResourcesBuildPhase;
			buildActionMask = 2147483647;
			files = (
				A89DCE48299964FD000A50E9 /* Preview Assets.xcassets in Resources */,
				A89DCE51299968E8000A50E9 /* Assets.xcassets in Resources */,
			);
			runOnlyForDeploymentPostprocessing = 0;
		};
/* End PBXResourcesBuildPhase section */

/* Begin PBXSourcesBuildPhase section */
		A89DCE39299964FB000A50E9 /* Sources */ = {
			isa = PBXSourcesBuildPhase;
			buildActionMask = 2147483647;
			files = (
				A89DCE5629996D9D000A50E9 /* Location.swift in Sources */,
				A89DCE59299974EC000A50E9 /* LocationView.swift in Sources */,
				A89DCE41299964FB000A50E9 /* MapSwiftUIApp.swift in Sources */,
				A89DCE5D299988A3000A50E9 /* LocationListView.swift in Sources */,
				A89DCE63299AC614000A50E9 /* LocationDetailsView.swift in Sources */,
				A89DCE5F299A3ACF000A50E9 /* LocationPreviewView.swift in Sources */,
				A89DCE5B29997524000A50E9 /* LocationViewModel.swift in Sources */,
				A89DCE61299A86C8000A50E9 /* MapAnnotationView.swift in Sources */,
				A89DCE4F299968BB000A50E9 /* LocationsDataService.swift in Sources */,
				A8C95748299B881600011188 /* LearnMoreWebView.swift in Sources */,
			);
			runOnlyForDeploymentPostprocessing = 0;
		};
/* End PBXSourcesBuildPhase section */

/* Begin XCBuildConfiguration section */
		A89DCE49299964FD000A50E9 /* Debug */ = {
			isa = XCBuildConfiguration;
			buildSettings = {
				ALWAYS_SEARCH_USER_PATHS = NO;
				CLANG_ANALYZER_NONNULL = YES;
				CLANG_ANALYZER_NUMBER_OBJECT_CONVERSION = YES_AGGRESSIVE;
				CLANG_CXX_LANGUAGE_STANDARD = "gnu++20";
				CLANG_ENABLE_MODULES = YES;
				CLANG_ENABLE_OBJC_ARC = YES;
				CLANG_ENABLE_OBJC_WEAK = YES;
				CLANG_WARN_BLOCK_CAPTURE_AUTORELEASING = YES;
				CLANG_WARN_BOOL_CONVERSION = YES;
				CLANG_WARN_COMMA = YES;
				CLANG_WARN_CONSTANT_CONVERSION = YES;
				CLANG_WARN_DEPRECATED_OBJC_IMPLEMENTATIONS = YES;
				CLANG_WARN_DIRECT_OBJC_ISA_USAGE = YES_ERROR;
				CLANG_WARN_DOCUMENTATION_COMMENTS = YES;
				CLANG_WARN_EMPTY_BODY = YES;
				CLANG_WARN_ENUM_CONVERSION = YES;
				CLANG_WARN_INFINITE_RECURSION = YES;
				CLANG_WARN_INT_CONVERSION = YES;
				CLANG_WARN_NON_LITERAL_NULL_CONVERSION = YES;
				CLANG_WARN_OBJC_IMPLICIT_RETAIN_SELF = YES;
				CLANG_WARN_OBJC_LITERAL_CONVERSION = YES;
				CLANG_WARN_OBJC_ROOT_CLASS = YES_ERROR;
				CLANG_WARN_QUOTED_INCLUDE_IN_FRAMEWORK_HEADER = YES;
				CLANG_WARN_RANGE_LOOP_ANALYSIS = YES;
				CLANG_WARN_STRICT_PROTOTYPES = YES;
				CLANG_WARN_SUSPICIOUS_MOVE = YES;
				CLANG_WARN_UNGUARDED_AVAILABILITY = YES_AGGRESSIVE;
				CLANG_WARN_UNREACHABLE_CODE = YES;
				CLANG_WARN__DUPLICATE_METHOD_MATCH = YES;
				COPY_PHASE_STRIP = NO;
				DEBUG_INFORMATION_FORMAT = dwarf;
				ENABLE_STRICT_OBJC_MSGSEND = YES;
				ENABLE_TESTABILITY = YES;
				GCC_C_LANGUAGE_STANDARD = gnu11;
				GCC_DYNAMIC_NO_PIC = NO;
				GCC_NO_COMMON_BLOCKS = YES;
				GCC_OPTIMIZATION_LEVEL = 0;
				GCC_PREPROCESSOR_DEFINITIONS = (
					"DEBUG=1",
					"$(inherited)",
				);
				GCC_WARN_64_TO_32_BIT_CONVERSION = YES;
				GCC_WARN_ABOUT_RETURN_TYPE = YES_ERROR;
				GCC_WARN_UNDECLARED_SELECTOR = YES;
				GCC_WARN_UNINITIALIZED_AUTOS = YES_AGGRESSIVE;
				GCC_WARN_UNUSED_FUNCTION = YES;
				GCC_WARN_UNUSED_VARIABLE = YES;
				IPHONEOS_DEPLOYMENT_TARGET = 16.1;
				MTL_ENABLE_DEBUG_INFO = INCLUDE_SOURCE;
				MTL_FAST_MATH = YES;
				ONLY_ACTIVE_ARCH = YES;
				SDKROOT = iphoneos;
				SWIFT_ACTIVE_COMPILATION_CONDITIONS = DEBUG;
				SWIFT_OPTIMIZATION_LEVEL = "-Onone";
			};
			name = Debug;
		};
		A89DCE4A299964FD000A50E9 /* Release */ = {
			isa = XCBuildConfiguration;
			buildSettings = {
				ALWAYS_SEARCH_USER_PATHS = NO;
				CLANG_ANALYZER_NONNULL = YES;
				CLANG_ANALYZER_NUMBER_OBJECT_CONVERSION = YES_AGGRESSIVE;
				CLANG_CXX_LANGUAGE_STANDARD = "gnu++20";
				CLANG_ENABLE_MODULES = YES;
				CLANG_ENABLE_OBJC_ARC = YES;
				CLANG_ENABLE_OBJC_WEAK = YES;
				CLANG_WARN_BLOCK_CAPTURE_AUTORELEASING = YES;
				CLANG_WARN_BOOL_CONVERSION = YES;
				CLANG_WARN_COMMA = YES;
				CLANG_WARN_CONSTANT_CONVERSION = YES;
				CLANG_WARN_DEPRECATED_OBJC_IMPLEMENTATIONS = YES;
				CLANG_WARN_DIRECT_OBJC_ISA_USAGE = YES_ERROR;
				CLANG_WARN_DOCUMENTATION_COMMENTS = YES;
				CLANG_WARN_EMPTY_BODY = YES;
				CLANG_WARN_ENUM_CONVERSION = YES;
				CLANG_WARN_INFINITE_RECURSION = YES;
				CLANG_WARN_INT_CONVERSION = YES;
				CLANG_WARN_NON_LITERAL_NULL_CONVERSION = YES;
				CLANG_WARN_OBJC_IMPLICIT_RETAIN_SELF = YES;
				CLANG_WARN_OBJC_LITERAL_CONVERSION = YES;
				CLANG_WARN_OBJC_ROOT_CLASS = YES_ERROR;
				CLANG_WARN_QUOTED_INCLUDE_IN_FRAMEWORK_HEADER = YES;
				CLANG_WARN_RANGE_LOOP_ANALYSIS = YES;
				CLANG_WARN_STRICT_PROTOTYPES = YES;
				CLANG_WARN_SUSPICIOUS_MOVE = YES;
				CLANG_WARN_UNGUARDED_AVAILABILITY = YES_AGGRESSIVE;
				CLANG_WARN_UNREACHABLE_CODE = YES;
				CLANG_WARN__DUPLICATE_METHOD_MATCH = YES;
				COPY_PHASE_STRIP = NO;
				DEBUG_INFORMATION_FORMAT = "dwarf-with-dsym";
				ENABLE_NS_ASSERTIONS = NO;
				ENABLE_STRICT_OBJC_MSGSEND = YES;
				GCC_C_LANGUAGE_STANDARD = gnu11;
				GCC_NO_COMMON_BLOCKS = YES;
				GCC_WARN_64_TO_32_BIT_CONVERSION = YES;
				GCC_WARN_ABOUT_RETURN_TYPE = YES_ERROR;
				GCC_WARN_UNDECLARED_SELECTOR = YES;
				GCC_WARN_UNINITIALIZED_AUTOS = YES_AGGRESSIVE;
				GCC_WARN_UNUSED_FUNCTION = YES;
				GCC_WARN_UNUSED_VARIABLE = YES;
				IPHONEOS_DEPLOYMENT_TARGET = 16.1;
				MTL_ENABLE_DEBUG_INFO = NO;
				MTL_FAST_MATH = YES;
				SDKROOT = iphoneos;
				SWIFT_COMPILATION_MODE = wholemodule;
				SWIFT_OPTIMIZATION_LEVEL = "-O";
				VALIDATE_PRODUCT = YES;
			};
			name = Release;
		};
		A89DCE4C299964FD000A50E9 /* Debug */ = {
			isa = XCBuildConfiguration;
			buildSettings = {
				ASSETCATALOG_COMPILER_APPICON_NAME = AppIcon;
				ASSETCATALOG_COMPILER_GLOBAL_ACCENT_COLOR_NAME = AccentColor;
				CODE_SIGN_STYLE = Automatic;
				CURRENT_PROJECT_VERSION = 1;
				DEVELOPMENT_ASSET_PATHS = "\"MapSwiftUI/Preview Content\"";
				DEVELOPMENT_TEAM = A39WX9UWBY;
				ENABLE_PREVIEWS = YES;
				GENERATE_INFOPLIST_FILE = YES;
				INFOPLIST_KEY_UIApplicationSceneManifest_Generation = YES;
				INFOPLIST_KEY_UIApplicationSupportsIndirectInputEvents = YES;
				INFOPLIST_KEY_UILaunchScreen_Generation = YES;
				INFOPLIST_KEY_UISupportedInterfaceOrientations = UIInterfaceOrientationPortrait;
				INFOPLIST_KEY_UISupportedInterfaceOrientations_iPad = "UIInterfaceOrientationLandscapeLeft UIInterfaceOrientationLandscapeRight UIInterfaceOrientationPortrait UIInterfaceOrientationPortraitUpsideDown";
				IPHONEOS_DEPLOYMENT_TARGET = 16.0;
				LD_RUNPATH_SEARCH_PATHS = (
					"$(inherited)",
					"@executable_path/Frameworks",
				);
				MARKETING_VERSION = 1.0;
				PRODUCT_BUNDLE_IDENTIFIER = "-.MapSwiftUI";
				PRODUCT_NAME = "$(TARGET_NAME)";
				SWIFT_EMIT_LOC_STRINGS = YES;
				SWIFT_VERSION = 5.0;
				TARGETED_DEVICE_FAMILY = "1,2";
			};
			name = Debug;
		};
		A89DCE4D299964FD000A50E9 /* Release */ = {
			isa = XCBuildConfiguration;
			buildSettings = {
				ASSETCATALOG_COMPILER_APPICON_NAME = AppIcon;
				ASSETCATALOG_COMPILER_GLOBAL_ACCENT_COLOR_NAME = AccentColor;
				CODE_SIGN_STYLE = Automatic;
				CURRENT_PROJECT_VERSION = 1;
				DEVELOPMENT_ASSET_PATHS = "\"MapSwiftUI/Preview Content\"";
				DEVELOPMENT_TEAM = A39WX9UWBY;
				ENABLE_PREVIEWS = YES;
				GENERATE_INFOPLIST_FILE = YES;
				INFOPLIST_KEY_UIApplicationSceneManifest_Generation = YES;
				INFOPLIST_KEY_UIApplicationSupportsIndirectInputEvents = YES;
				INFOPLIST_KEY_UILaunchScreen_Generation = YES;
				INFOPLIST_KEY_UISupportedInterfaceOrientations = UIInterfaceOrientationPortrait;
				INFOPLIST_KEY_UISupportedInterfaceOrientations_iPad = "UIInterfaceOrientationLandscapeLeft UIInterfaceOrientationLandscapeRight UIInterfaceOrientationPortrait UIInterfaceOrientationPortraitUpsideDown";
				IPHONEOS_DEPLOYMENT_TARGET = 16.0;
				LD_RUNPATH_SEARCH_PATHS = (
					"$(inherited)",
					"@executable_path/Frameworks",
				);
				MARKETING_VERSION = 1.0;
				PRODUCT_BUNDLE_IDENTIFIER = "-.MapSwiftUI";
				PRODUCT_NAME = "$(TARGET_NAME)";
				SWIFT_EMIT_LOC_STRINGS = YES;
				SWIFT_VERSION = 5.0;
				TARGETED_DEVICE_FAMILY = "1,2";
			};
			name = Release;
		};
/* End XCBuildConfiguration section */

/* Begin XCConfigurationList section */
		A89DCE38299964FB000A50E9 /* Build configuration list for PBXProject "MapSwiftUI" */ = {
			isa = XCConfigurationList;
			buildConfigurations = (
				A89DCE49299964FD000A50E9 /* Debug */,
				A89DCE4A299964FD000A50E9 /* Release */,
			);
			defaultConfigurationIsVisible = 0;
			defaultConfigurationName = Release;
		};
		A89DCE4B299964FD000A50E9 /* Build configuration list for PBXNativeTarget "MapSwiftUI" */ = {
			isa = XCConfigurationList;
			buildConfigurations = (
				A89DCE4C299964FD000A50E9 /* Debug */,
				A89DCE4D299964FD000A50E9 /* Release */,
			);
			defaultConfigurationIsVisible = 0;
			defaultConfigurationName = Release;
		};
/* End XCConfigurationList section */
	};
	rootObject = A89DCE35299964FB000A50E9 /* Project object */;
}
